{
  "requires": true,
  "lockfileVersion": 1,
  "dependencies": {
    "@edge-runtime/format": {
      "version": "1.1.0",
      "resolved": "https://registry.npmjs.org/@edge-runtime/format/-/format-1.1.0.tgz",
      "integrity": "sha512-MkLDDtPhXZIMx83NykdFmOpF7gVWIdd6GBHYb8V/E+PKWvD2pK/qWx9B30oN1iDJ2XBm0SGDjz02S8nDHI9lMQ==",
      "dev": true
    },
    "@edge-runtime/primitives": {
      "version": "1.1.0",
      "resolved": "https://registry.npmjs.org/@edge-runtime/primitives/-/primitives-1.1.0.tgz",
      "integrity": "sha512-MpL5fKlOs9mz5DMRuFchLe3Il84t7XpfbPq4qtaEK37uNMCRx1MzA3d7A4aTsR/guXSZvV/AtEbKVqBWjuSThA==",
      "dev": true
    },
    "@edge-runtime/vm": {
      "version": "1.1.0",
      "resolved": "https://registry.npmjs.org/@edge-runtime/vm/-/vm-1.1.0.tgz",
      "integrity": "sha512-a3PSCdznoop5+ifkNDaSINB9V+Anwh+wpoaASIWhq9PLQuBF9D6Yxe/mLRZkuZRkOJ2ZmaTzMGDI5ROUChTL7g==",
      "dev": true,
      "requires": {
        "@edge-runtime/primitives": "1.1.0"
      }
    },
    "@esbuild/linux-loong64": {
      "version": "0.14.54",
      "resolved": "https://registry.npmjs.org/@esbuild/linux-loong64/-/linux-loong64-0.14.54.tgz",
      "integrity": "sha512-bZBrLAIX1kpWelV0XemxBZllyRmM6vgFQQG2GdNb+r3Fkp0FOh1NJSvekXDs7jq70k4euu1cryLMfU+mTXlEpw==",
      "dev": true,
      "optional": true
    },
    "@next/env": {
      "version": "12.2.5-canary.4",
      "resolved": "https://registry.npmjs.org/@next/env/-/env-12.2.5-canary.4.tgz",
      "integrity": "sha512-zg1HLMDwV+tSArHTytwtHDk1WNkC/jkLj1c6QsJ09J4pcA716YNsh5RAe+4mniKk/S5PQoMwM+hDT2LIiWas2g=="
    },
    "@next/swc-android-arm-eabi": {
      "version": "12.2.5-canary.4",
      "resolved": "https://registry.npmjs.org/@next/swc-android-arm-eabi/-/swc-android-arm-eabi-12.2.5-canary.4.tgz",
      "integrity": "sha512-Akd9rpyrsmmv6+5LBvV6ZGMr4hj+QyYoWUn2mnXYnNRi9XKeu2yX9lQWGCYVGRPVxrZ7/Fu2Egqp4xBId/EsTw==",
      "optional": true
    },
    "@next/swc-android-arm64": {
      "version": "12.2.5-canary.4",
      "resolved": "https://registry.npmjs.org/@next/swc-android-arm64/-/swc-android-arm64-12.2.5-canary.4.tgz",
      "integrity": "sha512-UR9WtowrjQB3+PnG1Wk5liaUGoOchg1dQelQTuTN2fGBwX0OCboKvk+O3e4BXSr+t3Ugi7UlgoRmWUe/Yl2Ekg==",
      "optional": true
    },
    "@next/swc-darwin-arm64": {
      "version": "12.2.5-canary.4",
      "resolved": "https://registry.npmjs.org/@next/swc-darwin-arm64/-/swc-darwin-arm64-12.2.5-canary.4.tgz",
      "integrity": "sha512-dtkI6lx96Br10KlIt0OP12j49Anu26XwpAVUAqgttmCdpU3IsoTEJEWhlXDU5JqjSEZEX9WcB+FMXeiSAanM4w==",
      "optional": true
    },
    "@next/swc-darwin-x64": {
      "version": "12.2.5-canary.4",
      "resolved": "https://registry.npmjs.org/@next/swc-darwin-x64/-/swc-darwin-x64-12.2.5-canary.4.tgz",
      "integrity": "sha512-6hwXnGD9hYOm7FVXhSDnLC2lMHXqeFQn4vviNF0wLzeFTjB3Tb2R0Db45L1g7gfs2KI6U0xdwrpL842LsY4Wlg==",
      "optional": true
    },
    "@next/swc-freebsd-x64": {
      "version": "12.2.5-canary.4",
      "resolved": "https://registry.npmjs.org/@next/swc-freebsd-x64/-/swc-freebsd-x64-12.2.5-canary.4.tgz",
      "integrity": "sha512-mv8IrHIxxaOgah5P8pfhmqSCBpvzbmnyNBIIp1UMh0x0jElUBrCrNbz1dHPu5XmROEuigvfVp3yEBRrM5AIp/w==",
      "optional": true
    },
    "@next/swc-linux-arm-gnueabihf": {
      "version": "12.2.5-canary.4",
      "resolved": "https://registry.npmjs.org/@next/swc-linux-arm-gnueabihf/-/swc-linux-arm-gnueabihf-12.2.5-canary.4.tgz",
      "integrity": "sha512-PP0LXA9g1byV9j6+eLuLdPpS+DII0AkXvkgBJvcLAY5tuZeMfloRsPUuglbX/K+4WIlNU3kpf24SEBsuM0tVIA==",
      "optional": true
    },
    "@next/swc-linux-arm64-gnu": {
      "version": "12.2.5-canary.4",
      "resolved": "https://registry.npmjs.org/@next/swc-linux-arm64-gnu/-/swc-linux-arm64-gnu-12.2.5-canary.4.tgz",
      "integrity": "sha512-GqzYxIuQeEbja8KUTW/Uj/ksP4cnYMj9SyOjQ3Ijl5bnszylsQgaHyJwwODoX/qbqhDeYj77z7ZJktfgBKo0Bg==",
      "optional": true
    },
    "@next/swc-linux-arm64-musl": {
      "version": "12.2.5-canary.4",
      "resolved": "https://registry.npmjs.org/@next/swc-linux-arm64-musl/-/swc-linux-arm64-musl-12.2.5-canary.4.tgz",
      "integrity": "sha512-f7OHc0l2LIY7Q+898Zk53Qj6jx6Ay9CIram1JT4xDmOBx34D34WFnbmwf5hcKxbK0SVaWB6rYynJVAgH1DkkzQ==",
      "optional": true
    },
    "@next/swc-linux-x64-gnu": {
      "version": "12.2.5-canary.4",
      "resolved": "https://registry.npmjs.org/@next/swc-linux-x64-gnu/-/swc-linux-x64-gnu-12.2.5-canary.4.tgz",
      "integrity": "sha512-2tMSC9BEeXsmNvzu0gdLapr4R9KQS/1Ir+O/j2sfmVSIvCZl49k6JTpsbP7YAB2vBnflwvA3Mt9KtYu9C39AVg==",
      "optional": true
    },
    "@next/swc-linux-x64-musl": {
      "version": "12.2.5-canary.4",
      "resolved": "https://registry.npmjs.org/@next/swc-linux-x64-musl/-/swc-linux-x64-musl-12.2.5-canary.4.tgz",
      "integrity": "sha512-9ASdeW9WIvw3/HC5gxaPvGd9ozNCZE2bPqYYZeAY55dC5JcEQlx66xeCh7Nxz7oRVyGHP1E5b+y598rBQ/HNwQ==",
      "optional": true
    },
    "@next/swc-win32-arm64-msvc": {
      "version": "12.2.5-canary.4",
      "resolved": "https://registry.npmjs.org/@next/swc-win32-arm64-msvc/-/swc-win32-arm64-msvc-12.2.5-canary.4.tgz",
      "integrity": "sha512-CK/EyHxmpRzTm3Yg9CxSdxy9HRDtniQOD907KZ2nrd1cdfGrY7ZJMgGOv6uxdNhHlGWNWYiVOk6RI5yGM8IX5w==",
      "optional": true
    },
    "@next/swc-win32-ia32-msvc": {
      "version": "12.2.5-canary.4",
      "resolved": "https://registry.npmjs.org/@next/swc-win32-ia32-msvc/-/swc-win32-ia32-msvc-12.2.5-canary.4.tgz",
      "integrity": "sha512-+Xi/2l61HxlAsex6T28D64XZAfXPfn+UGnXl2iXtzKqYO9rhFO4erbLpMkJXKMJaH5Nn7MnT4nX3hVSl9adQ2A==",
      "optional": true
    },
    "@next/swc-win32-x64-msvc": {
      "version": "12.2.5-canary.4",
      "resolved": "https://registry.npmjs.org/@next/swc-win32-x64-msvc/-/swc-win32-x64-msvc-12.2.5-canary.4.tgz",
      "integrity": "sha512-VgEYUZYQnSCZMahezzROwPeMu9paH8EvCtAd0koRs7e6Zi67ERpwSCbRnaT+foKha69Re0WzGUrkvTjo1hP7ZQ==",
      "optional": true
    },
    "@polka/url": {
      "version": "1.0.0-next.21",
      "resolved": "https://registry.npmjs.org/@polka/url/-/url-1.0.0-next.21.tgz",
      "integrity": "sha512-a5Sab1C4/icpTZVzZc5Ghpz88yQtGOyNqYXcZgOssB2uuAr+wF/MvN6bgtW32q7HHrvBki+BsZ0OuNv6EV3K9g==",
      "dev": true
    },
    "@splitsoftware/splitio-browserjs": {
      "version": "0.9.5",
      "resolved": "https://registry.npmjs.org/@splitsoftware/splitio-browserjs/-/splitio-browserjs-0.9.5.tgz",
      "integrity": "sha512-sWwH4juAJY8N3C4Obl6h9xaKPwm2SCETFbHn8hL8OF+tMClb0BI6sP7AQ+AY8AySXwiVbCc1ux3lebJdo/LPkQ==",
      "requires": {
        "@splitsoftware/splitio-commons": "1.8.2",
        "@types/google.analytics": "0.0.40",
        "unfetch": "^4.2.0"
      }
    },
    "@splitsoftware/splitio-commons": {
      "version": "1.8.2",
      "resolved": "https://registry.npmjs.org/@splitsoftware/splitio-commons/-/splitio-commons-1.8.2.tgz",
      "integrity": "sha512-koR3pKQCbbh9r7guUywqJ1zXQr7ElZYVs0Ikdh+cQg21rcIx8l2sKMXxUjoizY1i2Y8D6CDW+csE9G4y9rpapQ==",
      "requires": {
        "tslib": "^2.3.1"
      }
    },
    "@swc/helpers": {
      "version": "0.4.3",
      "resolved": "https://registry.npmjs.org/@swc/helpers/-/helpers-0.4.3.tgz",
      "integrity": "sha512-6JrF+fdUK2zbGpJIlN7G3v966PQjyx/dPt1T9km2wj+EUBqgrxCk3uX4Kct16MIm9gGxfKRcfax2hVf5jvlTzA==",
      "requires": {
        "tslib": "^2.4.0"
      }
    },
    "@types/google.analytics": {
      "version": "0.0.40",
      "resolved": "https://registry.npmjs.org/@types/google.analytics/-/google.analytics-0.0.40.tgz",
      "integrity": "sha512-R3HpnLkqmKxhUAf8kIVvDVGJqPtaaZlW4yowNwjOZUTmYUQEgHh8Nh5wkSXKMroNAuQM8gbXJHmNbbgA8tdb7Q=="
    },
    "@types/node": {
      "version": "18.0.0",
      "resolved": "https://registry.npmjs.org/@types/node/-/node-18.0.0.tgz",
      "integrity": "sha512-cHlGmko4gWLVI27cGJntjs/Sj8th9aYwplmZFwmmgYQQvL5NUsgVJG7OddLvNfLqYS31KFN0s3qlaD9qCaxACA==",
      "dev": true
    },
    "@types/prop-types": {
      "version": "15.7.5",
      "resolved": "https://registry.npmjs.org/@types/prop-types/-/prop-types-15.7.5.tgz",
      "integrity": "sha512-JCB8C6SnDoQf0cNycqd/35A7MjcnK+ZTqE7judS6o7utxUCg6imJg3QK2qzHKszlTjcj2cn+NwMB2i96ubpj7w==",
      "dev": true
    },
    "@types/react": {
      "version": "18.2.7",
      "resolved": "https://registry.npmjs.org/@types/react/-/react-18.2.7.tgz",
      "integrity": "sha512-ojrXpSH2XFCmHm7Jy3q44nXDyN54+EYKP2lBhJ2bqfyPj6cIUW/FZW/Csdia34NQgq7KYcAlHi5184m4X88+yw==",
      "dev": true,
      "requires": {
        "@types/prop-types": "*",
        "@types/scheduler": "*",
        "csstype": "^3.0.2"
      }
    },
    "@types/react-dom": {
      "version": "18.2.4",
      "resolved": "https://registry.npmjs.org/@types/react-dom/-/react-dom-18.2.4.tgz",
      "integrity": "sha512-G2mHoTMTL4yoydITgOGwWdWMVd8sNgyEP85xVmMKAPUBwQWm9wBPQUmvbeF4V3WBY1P7mmL4BkjQ0SqUpf1snw==",
      "dev": true,
      "requires": {
        "@types/react": "*"
      }
    },
    "@types/scheduler": {
      "version": "0.16.3",
      "resolved": "https://registry.npmjs.org/@types/scheduler/-/scheduler-0.16.3.tgz",
      "integrity": "sha512-5cJ8CB4yAx7BH1oMvdU0Jh9lrEXyPkar6F9G/ERswkCuvP4KQZfZkSjcMbAICCpQTN4OuZn8tz0HiKv9TGZgrQ==",
      "dev": true
    },
    "bytes": {
      "version": "3.1.2",
      "resolved": "https://registry.npmjs.org/bytes/-/bytes-3.1.2.tgz",
      "integrity": "sha512-/Nf7TyzTx6S3yRJObOAV7956r8cr2+Oj8AC5dt8wSP3BQAoeX58NoHyCU8P8zGkNXStjTSi6fzO6F0pBdcYbEg==",
      "dev": true
    },
    "caniuse-lite": {
      "version": "1.0.30001492",
      "resolved": "https://registry.npmjs.org/caniuse-lite/-/caniuse-lite-1.0.30001492.tgz",
      "integrity": "sha512-2efF8SAZwgAX1FJr87KWhvuJxnGJKOnctQa8xLOskAXNXq8oiuqgl6u1kk3fFpsp3GgvzlRjiK1sl63hNtFADw=="
    },
    "convert-hrtime": {
      "version": "3.0.0",
      "resolved": "https://registry.npmjs.org/convert-hrtime/-/convert-hrtime-3.0.0.tgz",
      "integrity": "sha512-7V+KqSvMiHp8yWDuwfww06XleMWVVB9b9tURBx+G7UTADuo5hYPuowKloz4OzOqbPezxgo+fdQ1522WzPG4OeA==",
      "dev": true
    },
    "csstype": {
      "version": "3.1.2",
      "resolved": "https://registry.npmjs.org/csstype/-/csstype-3.1.2.tgz",
      "integrity": "sha512-I7K1Uu0MBPzaFKg4nI5Q7Vs2t+3gWWW648spaF+Rg7pI9ds18Ugn+lvg4SHczUdKlHI5LWBXyqfS8+DufyBsgQ==",
      "dev": true
    },
    "edge-runtime": {
      "version": "1.1.0-beta.7",
      "resolved": "https://registry.npmjs.org/edge-runtime/-/edge-runtime-1.1.0-beta.7.tgz",
      "integrity": "sha512-DrLuKeADNuQ5JN9+wl74tDwNOrTusEKL81lz3NRup1qV/sUml+517TUCw3O+h6RxDaTiEpMbAjds9fzbeas8eQ==",
      "dev": true,
      "requires": {
        "@edge-runtime/format": "^1.0.0",
        "@edge-runtime/vm": "^1.1.0-beta.7",
        "exit-hook": "2.2.1",
        "http-status": "~1.5.0",
        "mri": "1.2.0",
        "picocolors": "1.0.0",
        "pretty-bytes": "5.6.0",
        "pretty-ms": "7.0.1",
        "time-span": "4.0.0"
      }
    },
    "esbuild": {
      "version": "0.14.54",
      "resolved": "https://registry.npmjs.org/esbuild/-/esbuild-0.14.54.tgz",
      "integrity": "sha512-Cy9llcy8DvET5uznocPyqL3BFRrFXSVqbgpMJ9Wz8oVjZlh/zUSNbPRbov0VX7VxN2JH1Oa0uNxZ7eLRb62pJA==",
      "dev": true,
      "requires": {
        "@esbuild/linux-loong64": "0.14.54",
        "esbuild-android-64": "0.14.54",
        "esbuild-android-arm64": "0.14.54",
        "esbuild-darwin-64": "0.14.54",
        "esbuild-darwin-arm64": "0.14.54",
        "esbuild-freebsd-64": "0.14.54",
        "esbuild-freebsd-arm64": "0.14.54",
        "esbuild-linux-32": "0.14.54",
        "esbuild-linux-arm": "0.14.54",
        "esbuild-linux-s390x": "0.14.54",
        "esbuild-netbsd-64": "0.14.54",
        "esbuild-openbsd-64": "0.14.54",
        "esbuild-sunos-64": "0.14.54",
        "esbuild-windows-32": "0.14.54",
        "esbuild-windows-64": "0.14.54",
        "esbuild-windows-arm64": "0.14.54"
      }
    },
    "esbuild-android-64": {
      "version": "0.14.54",
      "resolved": "https://registry.npmjs.org/esbuild-android-64/-/esbuild-android-64-0.14.54.tgz",
      "integrity": "sha512-Tz2++Aqqz0rJ7kYBfz+iqyE3QMycD4vk7LBRyWaAVFgFtQ/O8EJOnVmTOiDWYZ/uYzB4kvP+bqejYdVKzE5lAQ==",
      "dev": true,
      "optional": true
    },
    "esbuild-android-arm64": {
      "version": "0.14.54",
      "resolved": "https://registry.npmjs.org/esbuild-android-arm64/-/esbuild-android-arm64-0.14.54.tgz",
      "integrity": "sha512-F9E+/QDi9sSkLaClO8SOV6etqPd+5DgJje1F9lOWoNncDdOBL2YF59IhsWATSt0TLZbYCf3pNlTHvVV5VfHdvg==",
      "dev": true,
      "optional": true
    },
    "esbuild-darwin-64": {
      "version": "0.14.54",
      "resolved": "https://registry.npmjs.org/esbuild-darwin-64/-/esbuild-darwin-64-0.14.54.tgz",
      "integrity": "sha512-jtdKWV3nBviOd5v4hOpkVmpxsBy90CGzebpbO9beiqUYVMBtSc0AL9zGftFuBon7PNDcdvNCEuQqw2x0wP9yug==",
      "dev": true,
      "optional": true
    },
    "esbuild-darwin-arm64": {
      "version": "0.14.54",
      "resolved": "https://registry.npmjs.org/esbuild-darwin-arm64/-/esbuild-darwin-arm64-0.14.54.tgz",
      "integrity": "sha512-OPafJHD2oUPyvJMrsCvDGkRrVCar5aVyHfWGQzY1dWnzErjrDuSETxwA2HSsyg2jORLY8yBfzc1MIpUkXlctmw==",
      "dev": true,
      "optional": true
    },
    "esbuild-freebsd-64": {
      "version": "0.14.54",
      "resolved": "https://registry.npmjs.org/esbuild-freebsd-64/-/esbuild-freebsd-64-0.14.54.tgz",
      "integrity": "sha512-OKwd4gmwHqOTp4mOGZKe/XUlbDJ4Q9TjX0hMPIDBUWWu/kwhBAudJdBoxnjNf9ocIB6GN6CPowYpR/hRCbSYAg==",
      "dev": true,
      "optional": true
    },
    "esbuild-freebsd-arm64": {
      "version": "0.14.54",
      "resolved": "https://registry.npmjs.org/esbuild-freebsd-arm64/-/esbuild-freebsd-arm64-0.14.54.tgz",
      "integrity": "sha512-sFwueGr7OvIFiQT6WeG0jRLjkjdqWWSrfbVwZp8iMP+8UHEHRBvlaxL6IuKNDwAozNUmbb8nIMXa7oAOARGs1Q==",
      "dev": true,
      "optional": true
    },
    "esbuild-linux-32": {
      "version": "0.14.54",
      "resolved": "https://registry.npmjs.org/esbuild-linux-32/-/esbuild-linux-32-0.14.54.tgz",
      "integrity": "sha512-1ZuY+JDI//WmklKlBgJnglpUL1owm2OX+8E1syCD6UAxcMM/XoWd76OHSjl/0MR0LisSAXDqgjT3uJqT67O3qw==",
      "dev": true,
      "optional": true
    },
    "esbuild-linux-arm": {
      "version": "0.14.54",
      "resolved": "https://registry.npmjs.org/esbuild-linux-arm/-/esbuild-linux-arm-0.14.54.tgz",
      "integrity": "sha512-qqz/SjemQhVMTnvcLGoLOdFpCYbz4v4fUo+TfsWG+1aOu70/80RV6bgNpR2JCrppV2moUQkww+6bWxXRL9YMGw==",
      "dev": true,
      "optional": true
    },
    "esbuild-linux-s390x": {
      "version": "0.14.54",
      "resolved": "https://registry.npmjs.org/esbuild-linux-s390x/-/esbuild-linux-s390x-0.14.54.tgz",
      "integrity": "sha512-zaHpW9dziAsi7lRcyV4r8dhfG1qBidQWUXweUjnw+lliChJqQr+6XD71K41oEIC3Mx1KStovEmlzm+MkGZHnHA==",
      "dev": true,
      "optional": true
    },
    "esbuild-netbsd-64": {
      "version": "0.14.54",
      "resolved": "https://registry.npmjs.org/esbuild-netbsd-64/-/esbuild-netbsd-64-0.14.54.tgz",
      "integrity": "sha512-PR01lmIMnfJTgeU9VJTDY9ZerDWVFIUzAtJuDHwwceppW7cQWjBBqP48NdeRtoP04/AtO9a7w3viI+PIDr6d+w==",
      "dev": true,
      "optional": true
    },
    "esbuild-openbsd-64": {
      "version": "0.14.54",
      "resolved": "https://registry.npmjs.org/esbuild-openbsd-64/-/esbuild-openbsd-64-0.14.54.tgz",
      "integrity": "sha512-Qyk7ikT2o7Wu76UsvvDS5q0amJvmRzDyVlL0qf5VLsLchjCa1+IAvd8kTBgUxD7VBUUVgItLkk609ZHUc1oCaw==",
      "dev": true,
      "optional": true
    },
    "esbuild-sunos-64": {
      "version": "0.14.54",
      "resolved": "https://registry.npmjs.org/esbuild-sunos-64/-/esbuild-sunos-64-0.14.54.tgz",
      "integrity": "sha512-28GZ24KmMSeKi5ueWzMcco6EBHStL3B6ubM7M51RmPwXQGLe0teBGJocmWhgwccA1GeFXqxzILIxXpHbl9Q/Kw==",
      "dev": true,
      "optional": true
    },
    "esbuild-windows-32": {
      "version": "0.14.54",
      "resolved": "https://registry.npmjs.org/esbuild-windows-32/-/esbuild-windows-32-0.14.54.tgz",
      "integrity": "sha512-T+rdZW19ql9MjS7pixmZYVObd9G7kcaZo+sETqNH4RCkuuYSuv9AGHUVnPoP9hhuE1WM1ZimHz1CIBHBboLU7w==",
      "dev": true,
      "optional": true
    },
    "esbuild-windows-64": {
      "version": "0.14.54",
      "resolved": "https://registry.npmjs.org/esbuild-windows-64/-/esbuild-windows-64-0.14.54.tgz",
      "integrity": "sha512-AoHTRBUuYwXtZhjXZbA1pGfTo8cJo3vZIcWGLiUcTNgHpJJMC1rVA44ZereBHMJtotyN71S8Qw0npiCIkW96cQ==",
      "dev": true,
      "optional": true
    },
    "esbuild-windows-arm64": {
      "version": "0.14.54",
      "resolved": "https://registry.npmjs.org/esbuild-windows-arm64/-/esbuild-windows-arm64-0.14.54.tgz",
      "integrity": "sha512-M0kuUvXhot1zOISQGXwWn6YtS+Y/1RT9WrVIOywZnJHo3jCDyewAc79aKNQWFCQm+xNHVTq9h8dZKvygoXQQRg==",
      "dev": true,
      "optional": true
    },
    "exit-hook": {
      "version": "2.2.1",
      "resolved": "https://registry.npmjs.org/exit-hook/-/exit-hook-2.2.1.tgz",
      "integrity": "sha512-eNTPlAD67BmP31LDINZ3U7HSF8l57TxOY2PmBJ1shpCvpnxBF93mWCE8YHBnXs8qiUZJc9WDcWIeC3a2HIAMfw==",
      "dev": true
    },
    "http-status": {
      "version": "1.5.3",
      "resolved": "https://registry.npmjs.org/http-status/-/http-status-1.5.3.tgz",
      "integrity": "sha512-jCClqdnnwigYslmtfb28vPplOgoiZ0siP2Z8C5Ua+3UKbx410v+c+jT+jh1bbI4TvcEySuX0vd/CfFZFbDkJeQ==",
      "dev": true
    },
    "js-tokens": {
      "version": "4.0.0",
      "resolved": "https://registry.npmjs.org/js-tokens/-/js-tokens-4.0.0.tgz",
      "integrity": "sha512-RdJUflcE3cUzKiMqQgsCu06FPu9UdIJO0beYbPhHN4k6apgJtifcoCtT9bcxOpYBtpD2kCM6Sbzg4CausW/PKQ==",
      "dev": true
    },
    "loose-envify": {
      "version": "1.4.0",
      "resolved": "https://registry.npmjs.org/loose-envify/-/loose-envify-1.4.0.tgz",
      "integrity": "sha512-lyuxPGr/Wfhrlem2CL/UcnUc1zcqKAImBDzukY7Y5F/yQiNdko6+fRLevlw1HgMySw7f611UIY408EtxRSoK3Q==",
      "dev": true,
      "requires": {
        "js-tokens": "^3.0.0 || ^4.0.0"
      }
    },
    "mri": {
      "version": "1.2.0",
      "resolved": "https://registry.npmjs.org/mri/-/mri-1.2.0.tgz",
      "integrity": "sha512-tzzskb3bG8LvYGFF/mDTpq3jpI6Q9wc3LEmBaghu+DdCssd1FakN7Bc0hVNmEyGq1bq3RgfkCb3cmQLpNPOroA==",
      "dev": true
    },
    "mrmime": {
      "version": "1.0.1",
      "resolved": "https://registry.npmjs.org/mrmime/-/mrmime-1.0.1.tgz",
      "integrity": "sha512-hzzEagAgDyoU1Q6yg5uI+AorQgdvMCur3FcKf7NhMKWsaYg+RnbTyHRa/9IlLF9rf455MOCtcqqrQQ83pPP7Uw==",
      "dev": true
    },
    "ms": {
      "version": "2.1.3",
      "resolved": "https://registry.npmjs.org/ms/-/ms-2.1.3.tgz",
      "integrity": "sha512-6FlzubTLZG3J2a/NVCAleEhjzq5oxgHyaCU9yYXvcLsvoVaHJq/s5xXI6/XXP6tz7R9xAOtHnSO/tXtF3WRTlA==",
      "dev": true
    },
    "nanoid": {
      "version": "3.3.6",
      "resolved": "https://registry.npmjs.org/nanoid/-/nanoid-3.3.6.tgz",
      "integrity": "sha512-BGcqMMJuToF7i1rt+2PWSNVnWIkGCU78jBG3RxO/bZlnZPK2Cmi2QaffxGO/2RvWi9sL+FAiRiXMgsyxQ1DIDA=="
    },
    "next": {
      "version": "12.2.5-canary.4",
      "resolved": "https://registry.npmjs.org/next/-/next-12.2.5-canary.4.tgz",
      "integrity": "sha512-RHXm6ZfG5HsLM63E/NgOvl8CT5kUy+RlEdW4rqpF0gSVK5qj8H/E/zXcc1QKwGQy2ndyKwVo2n1s00E1Fy661g==",
      "requires": {
        "@next/env": "12.2.5-canary.4",
        "@next/swc-android-arm-eabi": "12.2.5-canary.4",
        "@next/swc-android-arm64": "12.2.5-canary.4",
        "@next/swc-darwin-arm64": "12.2.5-canary.4",
        "@next/swc-darwin-x64": "12.2.5-canary.4",
        "@next/swc-freebsd-x64": "12.2.5-canary.4",
        "@next/swc-linux-arm-gnueabihf": "12.2.5-canary.4",
        "@next/swc-linux-arm64-gnu": "12.2.5-canary.4",
        "@next/swc-linux-arm64-musl": "12.2.5-canary.4",
        "@next/swc-linux-x64-gnu": "12.2.5-canary.4",
        "@next/swc-linux-x64-musl": "12.2.5-canary.4",
        "@next/swc-win32-arm64-msvc": "12.2.5-canary.4",
        "@next/swc-win32-ia32-msvc": "12.2.5-canary.4",
        "@next/swc-win32-x64-msvc": "12.2.5-canary.4",
        "@swc/helpers": "0.4.3",
        "caniuse-lite": "^1.0.30001332",
        "postcss": "8.4.14",
        "use-sync-external-store": "1.2.0"
      }
    },
    "parse-ms": {
      "version": "2.1.0",
      "resolved": "https://registry.npmjs.org/parse-ms/-/parse-ms-2.1.0.tgz",
      "integrity": "sha512-kHt7kzLoS9VBZfUsiKjv43mr91ea+U05EyKkEtqp7vNbHxmaVuEqN7XxeEVnGrMtYOAxGrDElSi96K7EgO1zCA==",
      "dev": true
    },
    "picocolors": {
      "version": "1.0.0",
      "resolved": "https://registry.npmjs.org/picocolors/-/picocolors-1.0.0.tgz",
      "integrity": "sha512-1fygroTLlHu66zi26VoTDv8yRgm0Fccecssto+MhsZ0D/DGW2sm8E8AjW7NU5VVTRt5GxbeZ5qBuJr+HyLYkjQ=="
    },
    "postcss": {
      "version": "8.4.14",
      "resolved": "https://registry.npmjs.org/postcss/-/postcss-8.4.14.tgz",
      "integrity": "sha512-E398TUmfAYFPBSdzgeieK2Y1+1cpdxJx8yXbK/m57nRhKSmk1GB2tO4lbLBtlkfPQTDKfe4Xqv1ASWPpayPEig==",
      "requires": {
        "nanoid": "^3.3.4",
        "picocolors": "^1.0.0",
        "source-map-js": "^1.0.2"
      }
    },
    "pretty-bytes": {
      "version": "5.6.0",
      "resolved": "https://registry.npmjs.org/pretty-bytes/-/pretty-bytes-5.6.0.tgz",
      "integrity": "sha512-FFw039TmrBqFK8ma/7OL3sDz/VytdtJr044/QUJtH0wK9lb9jLq9tJyIxUwtQJHwar2BqtiA4iCWSwo9JLkzFg==",
      "dev": true
    },
    "pretty-ms": {
      "version": "7.0.1",
      "resolved": "https://registry.npmjs.org/pretty-ms/-/pretty-ms-7.0.1.tgz",
      "integrity": "sha512-973driJZvxiGOQ5ONsFhOF/DtzPMOMtgC11kCpUrPGMTgqp2q/1gwzCquocrN33is0VZ5GFHXZYMM9l6h67v2Q==",
      "dev": true,
      "requires": {
        "parse-ms": "^2.1.0"
      }
    },
    "react": {
      "version": "18.2.0",
      "resolved": "https://registry.npmjs.org/react/-/react-18.2.0.tgz",
      "integrity": "sha512-/3IjMdb2L9QbBdWiW5e3P2/npwMBaU9mHCSCUzNln0ZCYbcfTsGbTJrU/kGemdH2IWmB2ioZ+zkxtmq6g09fGQ==",
      "dev": true,
      "requires": {
        "loose-envify": "^1.1.0"
      }
    },
    "react-dom": {
      "version": "18.2.0",
      "resolved": "https://registry.npmjs.org/react-dom/-/react-dom-18.2.0.tgz",
      "integrity": "sha512-6IMTriUmvsjHUjNtEDudZfuDQUoWXVxKHhlEGSk81n4YFS+r/Kl99wXiwlVXtPBtJenozv2P+hxDsw9eA7Xo6g==",
      "dev": true,
      "requires": {
        "loose-envify": "^1.1.0",
        "scheduler": "^0.23.0"
      }
    },
    "scheduler": {
      "version": "0.23.0",
      "resolved": "https://registry.npmjs.org/scheduler/-/scheduler-0.23.0.tgz",
      "integrity": "sha512-CtuThmgHNg7zIZWAXi3AsyIzA3n4xx7aNyjwC2VJldO2LMVDhFK+63xGqq6CsJH4rTAt6/M+N4GhZiDYPx9eUw==",
      "dev": true,
      "requires": {
        "loose-envify": "^1.1.0"
      }
    },
    "sirv": {
      "version": "2.0.3",
      "resolved": "https://registry.npmjs.org/sirv/-/sirv-2.0.3.tgz",
      "integrity": "sha512-O9jm9BsID1P+0HOi81VpXPoDxYP374pkOLzACAoyUQ/3OUVndNpsz6wMnY2z+yOxzbllCKZrM+9QrWsv4THnyA==",
      "dev": true,
      "requires": {
        "@polka/url": "^1.0.0-next.20",
        "mrmime": "^1.0.0",
        "totalist": "^3.0.0"
      }
    },
    "source-map-js": {
      "version": "1.0.2",
      "resolved": "https://registry.npmjs.org/source-map-js/-/source-map-js-1.0.2.tgz",
      "integrity": "sha512-R0XvVJ9WusLiqTCEiGCmICCMplcCkIwwR11mOSD9CR5u+IXYdiseeEuXCVAjS54zqwkLcPNnmU4OeJ6tUrWhDw=="
    },
    "time-span": {
      "version": "4.0.0",
      "resolved": "https://registry.npmjs.org/time-span/-/time-span-4.0.0.tgz",
      "integrity": "sha512-MyqZCTGLDZ77u4k+jqg4UlrzPTPZ49NDlaekU6uuFaJLzPIN1woaRXCbGeqOfxwc3Y37ZROGAJ614Rdv7Olt+g==",
      "dev": true,
      "requires": {
        "convert-hrtime": "^3.0.0"
      }
    },
    "totalist": {
      "version": "3.0.1",
      "resolved": "https://registry.npmjs.org/totalist/-/totalist-3.0.1.tgz",
      "integrity": "sha512-sf4i37nQ2LBx4m3wB74y+ubopq6W/dIzXg0FDGjsYnZHVa1Da8FH853wlL2gtUhg+xJXjfk3kUZS3BRoQeoQBQ==",
      "dev": true
    },
    "tslib": {
      "version": "2.5.2",
      "resolved": "https://registry.npmjs.org/tslib/-/tslib-2.5.2.tgz",
      "integrity": "sha512-5svOrSA2w3iGFDs1HibEVBGbDrAY82bFQ3HZ3ixB+88nsbsWQoKqDRb5UBYAUPEzbBn6dAp5gRNXglySbx1MlA=="
    },
    "unfetch": {
      "version": "4.2.0",
      "resolved": "https://registry.npmjs.org/unfetch/-/unfetch-4.2.0.tgz",
      "integrity": "sha512-F9p7yYCn6cIW9El1zi0HI6vqpeIvBsr3dSuRO6Xuppb1u5rXpCPmMvLSyECLhybr9isec8Ohl0hPekMVrEinDA=="
    },
    "use-sync-external-store": {
      "version": "1.2.0",
      "resolved": "https://registry.npmjs.org/use-sync-external-store/-/use-sync-external-store-1.2.0.tgz",
      "integrity": "sha512-eEgnFxGQ1Ife9bzYs6VLi8/4X6CObHMw9Qr9tPY43iKwsPw8xE8+EFsf/2cFZ5S3esXgpWgtSCtLNS41F+sKPA=="
    }
  }
}
